// !$*UTF8*$!
{
	archiveVersion = 1;
	classes = {
	};
	objectVersion = 48;
	objects = {

/* Begin PBXBuildFile section */
		12574A3420EE376A00F1CAAA /* main.c in Sources */ = {isa = PBXBuildFile; fileRef = 12574A3320EE376A00F1CAAA /* main.c */; };
		12ED58BA20EE4FF400384F32 /* ChainList.c in Sources */ = {isa = PBXBuildFile; fileRef = 12ED58B820EE4FF300384F32 /* ChainList.c */; };
		12ED58BB20EE4FF400384F32 /* AddressList.c in Sources */ = {isa = PBXBuildFile; fileRef = 12ED58B920EE4FF400384F32 /* AddressList.c */; };
		12ED58BE20EE504100384F32 /* ChainListTest.c in Sources */ = {isa = PBXBuildFile; fileRef = 12ED58BC20EE504100384F32 /* ChainListTest.c */; };
/* End PBXBuildFile section */

/* Begin PBXCopyFilesBuildPhase section */
		12574A2E20EE376A00F1CAAA /* CopyFiles */ = {
			isa = PBXCopyFilesBuildPhase;
			buildActionMask = 2147483647;
			dstPath = /usr/share/man/man1/;
			dstSubfolderSpec = 0;
			files = (
			);
			runOnlyForDeploymentPostprocessing = 1;
		};
/* End PBXCopyFilesBuildPhase section */

/* Begin PBXFileReference section */
		12574A3020EE376A00F1CAAA /* 通讯录(链表) */ = {isa = PBXFileReference; explicitFileType = "compiled.mach-o.executable"; includeInIndex = 0; path = "通讯录(链表)"; sourceTree = BUILT_PRODUCTS_DIR; };
		12574A3320EE376A00F1CAAA /* main.c */ = {isa = PBXFileReference; lastKnownFileType = sourcecode.c.c; path = main.c; sourceTree = "<group>"; };
		12ED58B620EE4FF300384F32 /* ChainList.h */ = {isa = PBXFileReference; fileEncoding = 4; lastKnownFileType = sourcecode.c.h; path = ChainList.h; sourceTree = "<group>"; };
		12ED58B720EE4FF300384F32 /* AddressList.h */ = {isa = PBXFileReference; fileEncoding = 4; lastKnownFileType = sourcecode.c.h; path = AddressList.h; sourceTree = "<group>"; };
		12ED58B820EE4FF300384F32 /* ChainList.c */ = {isa = PBXFileReference; fileEncoding = 4; lastKnownFileType = sourcecode.c.c; path = ChainList.c; sourceTree = "<group>"; };
		12ED58B920EE4FF400384F32 /* AddressList.c */ = {isa = PBXFileReference; fileEncoding = 4; lastKnownFileType = sourcecode.c.c; path = AddressList.c; sourceTree = "<group>"; };
		12ED58BC20EE504100384F32 /* ChainListTest.c */ = {isa = PBXFileReference; lastKnownFileType = sourcecode.c.c; path = ChainListTest.c; sourceTree = "<group>"; };
		12ED58BD20EE504100384F32 /* ChainListTest.h */ = {isa = PBXFileReference; lastKnownFileType = sourcecode.c.h; path = ChainListTest.h; sourceTree = "<group>"; };
/* End PBXFileReference section */

/* Begin PBXFrameworksBuildPhase section */
		12574A2D20EE376A00F1CAAA /* Frameworks */ = {
			isa = PBXFrameworksBuildPhase;
			buildActionMask = 2147483647;
			files = (
			);
			runOnlyForDeploymentPostprocessing = 0;
		};
/* End PBXFrameworksBuildPhase section */

/* Begin PBXGroup section */
		12574A2720EE376A00F1CAAA = {
			isa = PBXGroup;
			children = (
				12574A3220EE376A00F1CAAA /* 通讯录(链表) */,
				12574A3120EE376A00F1CAAA /* Products */,
			);
			sourceTree = "<group>";
		};
		12574A3120EE376A00F1CAAA /* Products */ = {
			isa = PBXGroup;
			children = (
				12574A3020EE376A00F1CAAA /* 通讯录(链表) */,
			);
			name = Products;
			sourceTree = "<group>";
		};
		12574A3220EE376A00F1CAAA /* 通讯录(链表) */ = {
			isa = PBXGroup;
			children = (
				12ED58B920EE4FF400384F32 /* AddressList.c */,
				12ED58B720EE4FF300384F32 /* AddressList.h */,
				12ED58B820EE4FF300384F32 /* ChainList.c */,
				12ED58B620EE4FF300384F32 /* ChainList.h */,
				12ED58BC20EE504100384F32 /* ChainListTest.c */,
				12ED58BD20EE504100384F32 /* ChainListTest.h */,
				12574A3320EE376A00F1CAAA /* main.c */,
			);
			path = "通讯录(链表)";
			sourceTree = "<group>";
		};
/* End PBXGroup section */

/* Begin PBXNativeTarget section */
		12574A2F20EE376A00F1CAAA /* 通讯录(链表) */ = {
			isa = PBXNativeTarget;
			buildConfigurationList = 12574A3720EE376A00F1CAAA /* Build configuration list for PBXNativeTarget "通讯录(链表)" */;
			buildPhases = (
				12574A2C20EE376A00F1CAAA /* Sources */,
				12574A2D20EE376A00F1CAAA /* Frameworks */,
				12574A2E20EE376A00F1CAAA /* CopyFiles */,
			);
			buildRules = (
			);
			dependencies = (
			);
			name = "通讯录(链表)";
			productName = "通讯录(链表)";
			productReference = 12574A3020EE376A00F1CAAA /* 通讯录(链表) */;
			productType = "com.apple.product-type.tool";
		};
/* End PBXNativeTarget section */

/* Begin PBXProject section */
		12574A2820EE376A00F1CAAA /* Project object */ = {
			isa = PBXProject;
			attributes = {
				LastUpgradeCheck = 0920;
				ORGANIZATIONNAME = Liyoucheng;
				TargetAttributes = {
					12574A2F20EE376A00F1CAAA = {
						CreatedOnToolsVersion = 9.2;
						ProvisioningStyle = Automatic;
					};
				};
			};
			buildConfigurationList = 12574A2B20EE376A00F1CAAA /* Build configuration list for PBXProject "通讯录(链表)" */;
			compatibilityVersion = "Xcode 8.0";
			developmentRegion = en;
			hasScannedForEncodings = 0;
			knownRegions = (
				en,
			);
			mainGroup = 12574A2720EE376A00F1CAAA;
			productRefGroup = 12574A3120EE376A00F1CAAA /* Products */;
			projectDirPath = "";
			projectRoot = "";
			targets = (
				12574A2F20EE376A00F1CAAA /* 通讯录(链表) */,
			);
		};
/* End PBXProject section */

/* Begin PBXSourcesBuildPhase section */
		12574A2C20EE376A00F1CAAA /* Sources */ = {
			isa = PBXSourcesBuildPhase;
			buildActionMask = 2147483647;
			files = (
				12ED58BB20EE4FF400384F32 /* AddressList.c in Sources */,
				12574A3420EE376A00F1CAAA /* main.c in Sources */,
				12ED58BA20EE4FF400384F32 /* ChainList.c in Sources */,
				12ED58BE20EE504100384F32 /* ChainListTest.c in Sources */,
			);
			runOnlyForDeploymentPostprocessing = 0;
		};
/* End PBXSourcesBuildPhase section */

/* Begin XCBuildConfiguration section */
		12574A3520EE376A00F1CAAA /* Debug */ = {
			isa = XCBuildConfiguration;
			buildSettings = {
				ALWAYS_SEARCH_USER_PATHS = NO;
				CLANG_ANALYZER_NONNULL = YES;
				CLANG_ANALYZER_NUMBER_OBJECT_CONVERSION = YES_AGGRESSIVE;
				CLANG_CXX_LANGUAGE_STANDARD = "gnu++14";
				CLANG_CXX_LIBRARY = "libc++";
				CLANG_ENABLE_MODULES = YES;
				CLANG_ENABLE_OBJC_ARC = YES;
				CLANG_WARN_BLOCK_CAPTURE_AUTORELEASING = YES;
				CLANG_WARN_BOOL_CONVERSION = YES;
				CLANG_WARN_COMMA = YES;
				CLANG_WARN_CONSTANT_CONVERSION = YES;
				CLANG_WARN_DIRECT_OBJC_ISA_USAGE = YES_ERROR;
				CLANG_WARN_DOCUMENTATION_COMMENTS = YES;
				CLANG_WARN_EMPTY_BODY = YES;
				CLANG_WARN_ENUM_CONVERSION = YES;
				CLANG_WARN_INFINITE_RECURSION = YES;
				CLANG_WARN_INT_CONVERSION = YES;
				CLANG_WARN_NON_LITERAL_NULL_CONVERSION = YES;
				CLANG_WARN_OBJC_LITERAL_CONVERSION = YES;
				CLANG_WARN_OBJC_ROOT_CLASS = YES_ERROR;
				CLANG_WARN_RANGE_LOOP_ANALYSIS = YES;
				CLANG_WARN_STRICT_PROTOTYPES = YES;
				CLANG_WARN_SUSPICIOUS_MOVE = YES;
				CLANG_WARN_UNGUARDED_AVAILABILITY = YES_AGGRESSIVE;
				CLANG_WARN_UNREACHABLE_CODE = YES;
				CLANG_WARN__DUPLICATE_METHOD_MATCH = YES;
				CODE_SIGN_IDENTITY = "Mac Developer";
				COPY_PHASE_STRIP = NO;
				DEBUG_INFORMATION_FORMAT = dwarf;
				ENABLE_STRICT_OBJC_MSGSEND = YES;
				ENABLE_TESTABILITY = YES;
				GCC_C_LANGUAGE_STANDARD = gnu11;
				GCC_DYNAMIC_NO_PIC = NO;
				GCC_NO_COMMON_BLOCKS = YES;
				GCC_OPTIMIZATION_LEVEL = 0;
				GCC_PREPROCESSOR_DEFINITIONS = (
					"DEBUG=1",
					"$(inherited)",
				);
				GCC_WARN_64_TO_32_BIT_CONVERSION = YES;
				GCC_WARN_ABOUT_RETURN_TYPE = YES_ERROR;
				GCC_WARN_UNDECLARED_SELECTOR = YES;
				GCC_WARN_UNINITIALIZED_AUTOS = YES_AGGRESSIVE;
				GCC_WARN_UNUSED_FUNCTION = YES;
				GCC_WARN_UNUSED_VARIABLE = YES;
				MACOSX_DEPLOYMENT_TARGET = 10.12;
				MTL_ENABLE_DEBUG_INFO = YES;
				ONLY_ACTIVE_ARCH = YES;
				SDKROOT = macosx;
			};
			name = Debug;
		};
		12574A3620EE376A00F1CAAA /* Release */ = {
			isa = XCBuildConfiguration;
			buildSettings = {
				ALWAYS_SEARCH_USER_PATHS = NO;
				CLANG_ANALYZER_NONNULL = YES;
				CLANG_ANALYZER_NUMBER_OBJECT_CONVERSION = YES_AGGRESSIVE;
				CLANG_CXX_LANGUAGE_STANDARD = "gnu++14";
				CLANG_CXX_LIBRARY = "libc++";
				CLANG_ENABLE_MODULES = YES;
				CLANG_ENABLE_OBJC_ARC = YES;
				CLANG_WARN_BLOCK_CAPTURE_AUTORELEASING = YES;
				CLANG_WARN_BOOL_CONVERSION = YES;
				CLANG_WARN_COMMA = YES;
				CLANG_WARN_CONSTANT_CONVERSION = YES;
				CLANG_WARN_DIRECT_OBJC_ISA_USAGE = YES_ERROR;
				CLANG_WARN_DOCUMENTATION_COMMENTS = YES;
				CLANG_WARN_EMPTY_BODY = YES;
				CLANG_WARN_ENUM_CONVERSION = YES;
				CLANG_WARN_INFINITE_RECURSION = YES;
				CLANG_WARN_INT_CONVERSION = YES;
				CLANG_WARN_NON_LITERAL_NULL_CONVERSION = YES;
				CLANG_WARN_OBJC_LITERAL_CONVERSION = YES;
				CLANG_WARN_OBJC_ROOT_CLASS = YES_ERROR;
				CLANG_WARN_RANGE_LOOP_ANALYSIS = YES;
				CLANG_WARN_STRICT_PROTOTYPES = YES;
				CLANG_WARN_SUSPICIOUS_MOVE = YES;
				CLANG_WARN_UNGUARDED_AVAILABILITY = YES_AGGRESSIVE;
				CLANG_WARN_UNREACHABLE_CODE = YES;
				CLANG_WARN__DUPLICATE_METHOD_MATCH = YES;
				CODE_SIGN_IDENTITY = "Mac Developer";
				COPY_PHASE_STRIP = NO;
				DEBUG_INFORMATION_FORMAT = "dwarf-with-dsym";
				ENABLE_NS_ASSERTIONS = NO;
				ENABLE_STRICT_OBJC_MSGSEND = YES;
				GCC_C_LANGUAGE_STANDARD = gnu11;
				GCC_NO_COMMON_BLOCKS = YES;
				GCC_WARN_64_TO_32_BIT_CONVERSION = YES;
				GCC_WARN_ABOUT_RETURN_TYPE = YES_ERROR;
				GCC_WARN_UNDECLARED_SELECTOR = YES;
				GCC_WARN_UNINITIALIZED_AUTOS = YES_AGGRESSIVE;
				GCC_WARN_UNUSED_FUNCTION = YES;
				GCC_WARN_UNUSED_VARIABLE = YES;
				MACOSX_DEPLOYMENT_TARGET = 10.12;
				MTL_ENABLE_DEBUG_INFO = NO;
				SDKROOT = macosx;
			};
			name = Release;
		};
		12574A3820EE376A00F1CAAA /* Debug */ = {
			isa = XCBuildConfiguration;
			buildSettings = {
				CODE_SIGN_STYLE = Automatic;
				DEVELOPMENT_TEAM = 7LPWK7MV6D;
				PRODUCT_NAME = "$(TARGET_NAME)";
			};
			name = Debug;
		};
		12574A3920EE376A00F1CAAA /* Release */ = {
			isa = XCBuildConfiguration;
			buildSettings = {
				CODE_SIGN_STYLE = Automatic;
				DEVELOPMENT_TEAM = 7LPWK7MV6D;
				PRODUCT_NAME = "$(TARGET_NAME)";
			};
			name = Release;
		};
/* End XCBuildConfiguration section */

/* Begin XCConfigurationList section */
		12574A2B20EE376A00F1CAAA /* Build configuration list for PBXProject "通讯录(链表)" */ = {
			isa = XCConfigurationList;
			buildConfigurations = (
				12574A3520EE376A00F1CAAA /* Debug */,
				12574A3620EE376A00F1CAAA /* Release */,
			);
			defaultConfigurationIsVisible = 0;
			defaultConfigurationName = Release;
		};
		12574A3720EE376A00F1CAAA /* Build configuration list for PBXNativeTarget "通讯录(链表)" */ = {
			isa = XCConfigurationList;
			buildConfigurations = (
				12574A3820EE376A00F1CAAA /* Debug */,
				12574A3920EE376A00F1CAAA /* Release */,
			);
			defaultConfigurationIsVisible = 0;
			defaultConfigurationName = Release;
		};
/* End XCConfigurationList section */
	};
	rootObject = 12574A2820EE376A00F1CAAA /* Project object */;
}
